
Microsoft Visual Studio Solution File, Format Version 12.00
# Visual Studio Version 16
VisualStudioVersion = 16.0.29326.143
MinimumVisualStudioVersion = 10.0.40219.1
Project("{FAE04EC0-301F-11D3-BF4B-00C04F79EFBC}") = "Socean.Rpc", "Socean.Rpc\Socean.Rpc.csproj", "{6418454B-6225-4B50-86C2-742FEB840CDE}"
EndProject
Global
	GlobalSection(SolutionConfigurationPlatforms) = preSolution
		Debug|Any CPU = Debug|Any CPU
		Release|Any CPU = Release|Any CPU
	EndGlobalSection
	GlobalSection(ProjectConfigurationPlatforms) = postSolution
		{6418454B-6225-4B50-86C2-742FEB840CDE}.Debug|Any CPU.ActiveCfg = Debug|Any CPU
		{6418454B-6225-4B50-86C2-742FEB840CDE}.Debug|Any CPU.Build.0 = Debug|Any CPU
		{6418454B-6225-4B50-86C2-742FEB840CDE}.Release|Any CPU.ActiveCfg = Release|Any CPU
		{6418454B-6225-4B50-86C2-742FEB840CDE}.Release|Any CPU.Build.0 = Release|Any CPU
	EndGlobalSection
	GlobalSection(SolutionProperties) = preSolution
		HideSolutionNode = FALSE
	EndGlobalSection
	GlobalSection(ExtensibilityGlobals) = postSolution
		SolutionGuid = {4FE661B2-39F9-4373-872F-81854311EB29}
	EndGlobalSection
EndGlobal
